
Microsoft Visual Studio Solution File, Format Version 12.00
# Visual Studio Version 16
VisualStudioVersion = 16.0.29926.136
MinimumVisualStudioVersion = 10.0.40219.1
Project("{2150E333-8FDC-42A3-9474-1A3956D46DE8}") = "Web", "Web", "{AC2CF7E1-0E74-4993-B122-F22FF332ECC4}"
EndProject
Project("{9A19103F-16F7-4668-BE54-9A1E7A4F7556}") = "MusicX.Web.Server", "Web\MusicX.Web.Server\MusicX.Web.Server.csproj", "{1175CE90-21AB-4DB4-8138-D7214E7FDF96}"
EndProject
Project("{9A19103F-16F7-4668-BE54-9A1E7A4F7556}") = "MusicX.Web.Client", "Web\MusicX.Web.Client\MusicX.Web.Client.csproj", "{59BA951A-9FB3-488B-8C14-246E203B3B96}"
EndProject
Project("{9A19103F-16F7-4668-BE54-9A1E7A4F7556}") = "MusicX.Web.Shared", "Web\MusicX.Web.Shared\MusicX.Web.Shared.csproj", "{BF2548E7-CAE9-420A-B1E3-132465E1B8C4}"
EndProject
Project("{2150E333-8FDC-42A3-9474-1A3956D46DE8}") = "Data", "Data", "{CCCFF66A-1DED-4033-B4D1-8CC452B30D47}"
EndProject
Project("{9A19103F-16F7-4668-BE54-9A1E7A4F7556}") = "MusicX.Data.Models", "Data\MusicX.Data.Models\MusicX.Data.Models.csproj", "{1B44C2D3-11E7-45FE-9A68-354C5B5F5A31}"
EndProject
Project("{9A19103F-16F7-4668-BE54-9A1E7A4F7556}") = "MusicX.Data.Common", "Data\MusicX.Data.Common\MusicX.Data.Common.csproj", "{E0FB0C9A-A892-4A0E-8927-D54E33E6CAF6}"
EndProject
Project("{9A19103F-16F7-4668-BE54-9A1E7A4F7556}") = "MusicX.Data", "Data\MusicX.Data\MusicX.Data.csproj", "{4A96FA24-29BC-45AC-A902-C6D53CBEFE10}"
EndProject
Project("{9A19103F-16F7-4668-BE54-9A1E7A4F7556}") = "MusicX.Common", "MusicX.Common\MusicX.Common.csproj", "{3EC74040-6EAA-4179-9111-0228B0E960A8}"
EndProject
Project("{2150E333-8FDC-42A3-9474-1A3956D46DE8}") = "Services", "Services", "{C90B7523-7A24-4954-A99D-0E85DF808ACB}"
EndProject
Project("{9A19103F-16F7-4668-BE54-9A1E7A4F7556}") = "MusicX.Services.Data", "Services\MusicX.Services.Data\MusicX.Services.Data.csproj", "{2BC75445-BEB6-46F0-A0F6-5854DB6DAB15}"
EndProject
Project("{2150E333-8FDC-42A3-9474-1A3956D46DE8}") = "Tests", "Tests", "{BA9B5A7A-C4A1-49D0-BB33-82D92708A232}"
EndProject
Project("{9A19103F-16F7-4668-BE54-9A1E7A4F7556}") = "Sandbox", "Tests\Sandbox\Sandbox.csproj", "{81B001A0-0150-48D4-A911-6E35E6EC714A}"
EndProject
Project("{9A19103F-16F7-4668-BE54-9A1E7A4F7556}") = "MusicX.Services.DataProviders", "Services\MusicX.Services.DataProviders\MusicX.Services.DataProviders.csproj", "{59D95B5A-80BD-459F-8BBB-209F4D78DB8F}"
EndProject
Project("{9A19103F-16F7-4668-BE54-9A1E7A4F7556}") = "MusicX.Services.Data.Tests", "Tests\MusicX.Services.Data.Tests\MusicX.Services.Data.Tests.csproj", "{2BBDD4B7-B00B-4416-BD60-49FF9AA88C12}"
EndProject
Project("{9A19103F-16F7-4668-BE54-9A1E7A4F7556}") = "MusicX.Services.DataProviders.Tests", "Tests\MusicX.Services.DataProviders.Tests\MusicX.Services.DataProviders.Tests.csproj", "{A1AAACB6-B524-468E-A4BA-B9287741EE5D}"
EndProject
Project("{9A19103F-16F7-4668-BE54-9A1E7A4F7556}") = "MusicX.Web.Server.Infrastructure", "Web\MusicX.Web.Server.Infrastructure\MusicX.Web.Server.Infrastructure.csproj", "{5B658EC0-3421-4001-8168-0008B3AF0049}"
EndProject
Project("{FAE04EC0-301F-11D3-BF4B-00C04F79EFBC}") = "MusicX.Services.CronJobs", "Services\MusicX.Services.CronJobs\MusicX.Services.CronJobs.csproj", "{D3116EC6-0B4E-4D05-9375-45B513D24130}"
EndProject
Global
	GlobalSection(SolutionConfigurationPlatforms) = preSolution
		Debug|Any CPU = Debug|Any CPU
		Release|Any CPU = Release|Any CPU
	EndGlobalSection
	GlobalSection(ProjectConfigurationPlatforms) = postSolution
		{1175CE90-21AB-4DB4-8138-D7214E7FDF96}.Debug|Any CPU.ActiveCfg = Debug|Any CPU
		{1175CE90-21AB-4DB4-8138-D7214E7FDF96}.Debug|Any CPU.Build.0 = Debug|Any CPU
		{1175CE90-21AB-4DB4-8138-D7214E7FDF96}.Release|Any CPU.ActiveCfg = Release|Any CPU
		{1175CE90-21AB-4DB4-8138-D7214E7FDF96}.Release|Any CPU.Build.0 = Release|Any CPU
		{59BA951A-9FB3-488B-8C14-246E203B3B96}.Debug|Any CPU.ActiveCfg = Debug|Any CPU
		{59BA951A-9FB3-488B-8C14-246E203B3B96}.Debug|Any CPU.Build.0 = Debug|Any CPU
		{59BA951A-9FB3-488B-8C14-246E203B3B96}.Release|Any CPU.ActiveCfg = Release|Any CPU
		{59BA951A-9FB3-488B-8C14-246E203B3B96}.Release|Any CPU.Build.0 = Release|Any CPU
		{BF2548E7-CAE9-420A-B1E3-132465E1B8C4}.Debug|Any CPU.ActiveCfg = Debug|Any CPU
		{BF2548E7-CAE9-420A-B1E3-132465E1B8C4}.Debug|Any CPU.Build.0 = Debug|Any CPU
		{BF2548E7-CAE9-420A-B1E3-132465E1B8C4}.Release|Any CPU.ActiveCfg = Release|Any CPU
		{BF2548E7-CAE9-420A-B1E3-132465E1B8C4}.Release|Any CPU.Build.0 = Release|Any CPU
		{1B44C2D3-11E7-45FE-9A68-354C5B5F5A31}.Debug|Any CPU.ActiveCfg = Debug|Any CPU
		{1B44C2D3-11E7-45FE-9A68-354C5B5F5A31}.Debug|Any CPU.Build.0 = Debug|Any CPU
		{1B44C2D3-11E7-45FE-9A68-354C5B5F5A31}.Release|Any CPU.ActiveCfg = Release|Any CPU
		{1B44C2D3-11E7-45FE-9A68-354C5B5F5A31}.Release|Any CPU.Build.0 = Release|Any CPU
		{E0FB0C9A-A892-4A0E-8927-D54E33E6CAF6}.Debug|Any CPU.ActiveCfg = Debug|Any CPU
		{E0FB0C9A-A892-4A0E-8927-D54E33E6CAF6}.Debug|Any CPU.Build.0 = Debug|Any CPU
		{E0FB0C9A-A892-4A0E-8927-D54E33E6CAF6}.Release|Any CPU.ActiveCfg = Release|Any CPU
		{E0FB0C9A-A892-4A0E-8927-D54E33E6CAF6}.Release|Any CPU.Build.0 = Release|Any CPU
		{4A96FA24-29BC-45AC-A902-C6D53CBEFE10}.Debug|Any CPU.ActiveCfg = Debug|Any CPU
		{4A96FA24-29BC-45AC-A902-C6D53CBEFE10}.Debug|Any CPU.Build.0 = Debug|Any CPU
		{4A96FA24-29BC-45AC-A902-C6D53CBEFE10}.Release|Any CPU.ActiveCfg = Release|Any CPU
		{4A96FA24-29BC-45AC-A902-C6D53CBEFE10}.Release|Any CPU.Build.0 = Release|Any CPU
		{3EC74040-6EAA-4179-9111-0228B0E960A8}.Debug|Any CPU.ActiveCfg = Debug|Any CPU
		{3EC74040-6EAA-4179-9111-0228B0E960A8}.Debug|Any CPU.Build.0 = Debug|Any CPU
		{3EC74040-6EAA-4179-9111-0228B0E960A8}.Release|Any CPU.ActiveCfg = Release|Any CPU
		{3EC74040-6EAA-4179-9111-0228B0E960A8}.Release|Any CPU.Build.0 = Release|Any CPU
		{2BC75445-BEB6-46F0-A0F6-5854DB6DAB15}.Debug|Any CPU.ActiveCfg = Debug|Any CPU
		{2BC75445-BEB6-46F0-A0F6-5854DB6DAB15}.Debug|Any CPU.Build.0 = Debug|Any CPU
		{2BC75445-BEB6-46F0-A0F6-5854DB6DAB15}.Release|Any CPU.ActiveCfg = Release|Any CPU
		{2BC75445-BEB6-46F0-A0F6-5854DB6DAB15}.Release|Any CPU.Build.0 = Release|Any CPU
		{81B001A0-0150-48D4-A911-6E35E6EC714A}.Debug|Any CPU.ActiveCfg = Debug|Any CPU
		{81B001A0-0150-48D4-A911-6E35E6EC714A}.Debug|Any CPU.Build.0 = Debug|Any CPU
		{81B001A0-0150-48D4-A911-6E35E6EC714A}.Release|Any CPU.ActiveCfg = Release|Any CPU
		{81B001A0-0150-48D4-A911-6E35E6EC714A}.Release|Any CPU.Build.0 = Release|Any CPU
		{59D95B5A-80BD-459F-8BBB-209F4D78DB8F}.Debug|Any CPU.ActiveCfg = Debug|Any CPU
		{59D95B5A-80BD-459F-8BBB-209F4D78DB8F}.Debug|Any CPU.Build.0 = Debug|Any CPU
		{59D95B5A-80BD-459F-8BBB-209F4D78DB8F}.Release|Any CPU.ActiveCfg = Release|Any CPU
		{59D95B5A-80BD-459F-8BBB-209F4D78DB8F}.Release|Any CPU.Build.0 = Release|Any CPU
		{2BBDD4B7-B00B-4416-BD60-49FF9AA88C12}.Debug|Any CPU.ActiveCfg = Debug|Any CPU
		{2BBDD4B7-B00B-4416-BD60-49FF9AA88C12}.Debug|Any CPU.Build.0 = Debug|Any CPU
		{2BBDD4B7-B00B-4416-BD60-49FF9AA88C12}.Release|Any CPU.ActiveCfg = Release|Any CPU
		{2BBDD4B7-B00B-4416-BD60-49FF9AA88C12}.Release|Any CPU.Build.0 = Release|Any CPU
		{A1AAACB6-B524-468E-A4BA-B9287741EE5D}.Debug|Any CPU.ActiveCfg = Debug|Any CPU
		{A1AAACB6-B524-468E-A4BA-B9287741EE5D}.Debug|Any CPU.Build.0 = Debug|Any CPU
		{A1AAACB6-B524-468E-A4BA-B9287741EE5D}.Release|Any CPU.ActiveCfg = Release|Any CPU
		{A1AAACB6-B524-468E-A4BA-B9287741EE5D}.Release|Any CPU.Build.0 = Release|Any CPU
		{5B658EC0-3421-4001-8168-0008B3AF0049}.Debug|Any CPU.ActiveCfg = Debug|Any CPU
		{5B658EC0-3421-4001-8168-0008B3AF0049}.Debug|Any CPU.Build.0 = Debug|Any CPU
		{5B658EC0-3421-4001-8168-0008B3AF0049}.Release|Any CPU.ActiveCfg = Release|Any CPU
		{5B658EC0-3421-4001-8168-0008B3AF0049}.Release|Any CPU.Build.0 = Release|Any CPU
		{D3116EC6-0B4E-4D05-9375-45B513D24130}.Debug|Any CPU.ActiveCfg = Debug|Any CPU
		{D3116EC6-0B4E-4D05-9375-45B513D24130}.Debug|Any CPU.Build.0 = Debug|Any CPU
		{D3116EC6-0B4E-4D05-9375-45B513D24130}.Release|Any CPU.ActiveCfg = Release|Any CPU
		{D3116EC6-0B4E-4D05-9375-45B513D24130}.Release|Any CPU.Build.0 = Release|Any CPU
	EndGlobalSection
	GlobalSection(SolutionProperties) = preSolution
		HideSolutionNode = FALSE
	EndGlobalSection
	GlobalSection(NestedProjects) = preSolution
		{1175CE90-21AB-4DB4-8138-D7214E7FDF96} = {AC2CF7E1-0E74-4993-B122-F22FF332ECC4}
		{59BA951A-9FB3-488B-8C14-246E203B3B96} = {AC2CF7E1-0E74-4993-B122-F22FF332ECC4}
		{BF2548E7-CAE9-420A-B1E3-132465E1B8C4} = {AC2CF7E1-0E74-4993-B122-F22FF332ECC4}
		{1B44C2D3-11E7-45FE-9A68-354C5B5F5A31} = {CCCFF66A-1DED-4033-B4D1-8CC452B30D47}
		{E0FB0C9A-A892-4A0E-8927-D54E33E6CAF6} = {CCCFF66A-1DED-4033-B4D1-8CC452B30D47}
		{4A96FA24-29BC-45AC-A902-C6D53CBEFE10} = {CCCFF66A-1DED-4033-B4D1-8CC452B30D47}
		{2BC75445-BEB6-46F0-A0F6-5854DB6DAB15} = {C90B7523-7A24-4954-A99D-0E85DF808ACB}
		{81B001A0-0150-48D4-A911-6E35E6EC714A} = {BA9B5A7A-C4A1-49D0-BB33-82D92708A232}
		{59D95B5A-80BD-459F-8BBB-209F4D78DB8F} = {C90B7523-7A24-4954-A99D-0E85DF808ACB}
		{2BBDD4B7-B00B-4416-BD60-49FF9AA88C12} = {BA9B5A7A-C4A1-49D0-BB33-82D92708A232}
		{A1AAACB6-B524-468E-A4BA-B9287741EE5D} = {BA9B5A7A-C4A1-49D0-BB33-82D92708A232}
		{5B658EC0-3421-4001-8168-0008B3AF0049} = {AC2CF7E1-0E74-4993-B122-F22FF332ECC4}
		{D3116EC6-0B4E-4D05-9375-45B513D24130} = {C90B7523-7A24-4954-A99D-0E85DF808ACB}
	EndGlobalSection
	GlobalSection(ExtensibilityGlobals) = postSolution
		SolutionGuid = {EF349ACE-1AAF-4055-AED4-E82BB7E2C5E5}
	EndGlobalSection
EndGlobal
